
Microsoft Visual Studio Solution File, Format Version 12.00
# Visual Studio Version 17
VisualStudioVersion = 17.4.33213.308
MinimumVisualStudioVersion = 10.0.40219.1
Project("{FAE04EC0-301F-11D3-BF4B-00C04F79EFBC}") = "E-commerce", "E-commerce\E-commerce.csproj", "{229B63A3-E2E6-498E-B53A-09BF20AAF485}"
EndProject
Global
	GlobalSection(SolutionConfigurationPlatforms) = preSolution
		Debug|Any CPU = Debug|Any CPU
		Release|Any CPU = Release|Any CPU
	EndGlobalSection
	GlobalSection(ProjectConfigurationPlatforms) = postSolution
		{229B63A3-E2E6-498E-B53A-09BF20AAF485}.Debug|Any CPU.ActiveCfg = Debug|Any CPU
		{229B63A3-E2E6-498E-B53A-09BF20AAF485}.Debug|Any CPU.Build.0 = Debug|Any CPU
		{229B63A3-E2E6-498E-B53A-09BF20AAF485}.Release|Any CPU.ActiveCfg = Release|Any CPU
		{229B63A3-E2E6-498E-B53A-09BF20AAF485}.Release|Any CPU.Build.0 = Release|Any CPU
	EndGlobalSection
	GlobalSection(SolutionProperties) = preSolution
		HideSolutionNode = FALSE
	EndGlobalSection
	GlobalSection(ExtensibilityGlobals) = postSolution
		SolutionGuid = {BD79DA3F-5378-4889-9316-65FBFD4BE1FB}
	EndGlobalSection
EndGlobal
